
Microsoft Visual Studio Solution File, Format Version 12.00
# Visual Studio 15
VisualStudioVersion = 15.0.27004.2006
MinimumVisualStudioVersion = 10.0.40219.1
Project("{FAE04EC0-301F-11D3-BF4B-00C04F79EFBC}") = "MorseDecoder", "MorseDecoder\MorseDecoder.csproj", "{0FBB2FC5-D89E-436B-9F9D-BEFAD3326C08}"
EndProject
Project("{FAE04EC0-301F-11D3-BF4B-00C04F79EFBC}") = "MorseCodeTester", "MorseCodeTester\MorseCodeTester.csproj", "{EEC9DEC8-E476-4FD3-8E43-A4326FEAA6E1}"
EndProject
Global
	GlobalSection(SolutionConfigurationPlatforms) = preSolution
		Debug|Any CPU = Debug|Any CPU
		Release|Any CPU = Release|Any CPU
	EndGlobalSection
	GlobalSection(ProjectConfigurationPlatforms) = postSolution
		{0FBB2FC5-D89E-436B-9F9D-BEFAD3326C08}.Debug|Any CPU.ActiveCfg = Debug|Any CPU
		{0FBB2FC5-D89E-436B-9F9D-BEFAD3326C08}.Debug|Any CPU.Build.0 = Debug|Any CPU
		{0FBB2FC5-D89E-436B-9F9D-BEFAD3326C08}.Release|Any CPU.ActiveCfg = Release|Any CPU
		{0FBB2FC5-D89E-436B-9F9D-BEFAD3326C08}.Release|Any CPU.Build.0 = Release|Any CPU
		{EEC9DEC8-E476-4FD3-8E43-A4326FEAA6E1}.Debug|Any CPU.ActiveCfg = Debug|Any CPU
		{EEC9DEC8-E476-4FD3-8E43-A4326FEAA6E1}.Debug|Any CPU.Build.0 = Debug|Any CPU
		{EEC9DEC8-E476-4FD3-8E43-A4326FEAA6E1}.Release|Any CPU.ActiveCfg = Release|Any CPU
		{EEC9DEC8-E476-4FD3-8E43-A4326FEAA6E1}.Release|Any CPU.Build.0 = Release|Any CPU
	EndGlobalSection
	GlobalSection(SolutionProperties) = preSolution
		HideSolutionNode = FALSE
	EndGlobalSection
	GlobalSection(ExtensibilityGlobals) = postSolution
		SolutionGuid = {D2C88172-9E8A-4122-A8B4-03ADCA95BD45}
	EndGlobalSection
EndGlobal
